
Microsoft Visual Studio Solution File, Format Version 12.00
# Visual Studio Version 16
VisualStudioVersion = 16.0.30011.22
MinimumVisualStudioVersion = 10.0.40219.1
Project("{FAE04EC0-301F-11D3-BF4B-00C04F79EFBC}") = "BOPdataV", "BOPdataV.csproj", "{A7F328D6-2B63-454F-8BE7-DCF9C0416324}"
EndProject
Project("{54435603-DBB4-11D2-8724-00A0C9A8B90C}") = "MCone", "MCone\MCone.vdproj", "{456CB999-1523-4DAD-9D05-8949808AB8D1}"
EndProject
Global
	GlobalSection(SolutionConfigurationPlatforms) = preSolution
		Debug|Any CPU = Debug|Any CPU
		Release|Any CPU = Release|Any CPU
	EndGlobalSection
	GlobalSection(ProjectConfigurationPlatforms) = postSolution
		{A7F328D6-2B63-454F-8BE7-DCF9C0416324}.Debug|Any CPU.ActiveCfg = Debug|Any CPU
		{A7F328D6-2B63-454F-8BE7-DCF9C0416324}.Debug|Any CPU.Build.0 = Debug|Any CPU
		{A7F328D6-2B63-454F-8BE7-DCF9C0416324}.Release|Any CPU.ActiveCfg = Release|Any CPU
		{A7F328D6-2B63-454F-8BE7-DCF9C0416324}.Release|Any CPU.Build.0 = Release|Any CPU
		{456CB999-1523-4DAD-9D05-8949808AB8D1}.Debug|Any CPU.ActiveCfg = Debug
		{456CB999-1523-4DAD-9D05-8949808AB8D1}.Debug|Any CPU.Build.0 = Debug
		{456CB999-1523-4DAD-9D05-8949808AB8D1}.Release|Any CPU.ActiveCfg = Release
		{456CB999-1523-4DAD-9D05-8949808AB8D1}.Release|Any CPU.Build.0 = Release
	EndGlobalSection
	GlobalSection(SolutionProperties) = preSolution
		HideSolutionNode = FALSE
	EndGlobalSection
	GlobalSection(ExtensibilityGlobals) = postSolution
		SolutionGuid = {2EC302CE-DF62-4541-A401-7C6E675CBBA8}
	EndGlobalSection
EndGlobal
